
Microsoft Visual Studio Solution File, Format Version 12.00
# Visual Studio Version 16
VisualStudioVersion = 16.0.30114.105
MinimumVisualStudioVersion = 10.0.40219.1
Project("{FAE04EC0-301F-11D3-BF4B-00C04F79EFBC}") = "02_TypesChallenges", "02_TypesChallenges\02_TypesChallenges.csproj", "{2283373A-FBAC-460B-AA81-D4F027FF56E0}"
EndProject
Project("{FAE04EC0-301F-11D3-BF4B-00C04F79EFBC}") = "02_types", "02_types\02_types.csproj", "{753182AE-2A27-48CE-8FF4-FAB079C710F1}"
EndProject
Project("{FAE04EC0-301F-11D3-BF4B-00C04F79EFBC}") = "01_Variables", "01_Variables\01_Variables.csproj", "{A686C4D9-D99D-4C1C-814F-D87957D17D45}"
EndProject
Global
	GlobalSection(SolutionConfigurationPlatforms) = preSolution
		Debug|Any CPU = Debug|Any CPU
		Release|Any CPU = Release|Any CPU
	EndGlobalSection
	GlobalSection(SolutionProperties) = preSolution
		HideSolutionNode = FALSE
	EndGlobalSection
	GlobalSection(ProjectConfigurationPlatforms) = postSolution
		{2283373A-FBAC-460B-AA81-D4F027FF56E0}.Debug|Any CPU.ActiveCfg = Debug|Any CPU
		{2283373A-FBAC-460B-AA81-D4F027FF56E0}.Debug|Any CPU.Build.0 = Debug|Any CPU
		{2283373A-FBAC-460B-AA81-D4F027FF56E0}.Release|Any CPU.ActiveCfg = Release|Any CPU
		{2283373A-FBAC-460B-AA81-D4F027FF56E0}.Release|Any CPU.Build.0 = Release|Any CPU
		{753182AE-2A27-48CE-8FF4-FAB079C710F1}.Debug|Any CPU.ActiveCfg = Debug|Any CPU
		{753182AE-2A27-48CE-8FF4-FAB079C710F1}.Debug|Any CPU.Build.0 = Debug|Any CPU
		{753182AE-2A27-48CE-8FF4-FAB079C710F1}.Release|Any CPU.ActiveCfg = Release|Any CPU
		{753182AE-2A27-48CE-8FF4-FAB079C710F1}.Release|Any CPU.Build.0 = Release|Any CPU
		{A686C4D9-D99D-4C1C-814F-D87957D17D45}.Debug|Any CPU.ActiveCfg = Debug|Any CPU
		{A686C4D9-D99D-4C1C-814F-D87957D17D45}.Debug|Any CPU.Build.0 = Debug|Any CPU
		{A686C4D9-D99D-4C1C-814F-D87957D17D45}.Release|Any CPU.ActiveCfg = Release|Any CPU
		{A686C4D9-D99D-4C1C-814F-D87957D17D45}.Release|Any CPU.Build.0 = Release|Any CPU
	EndGlobalSection
EndGlobal
