
Microsoft Visual Studio Solution File, Format Version 12.00
# Visual Studio Version 16
VisualStudioVersion = 16.0.30114.105
MinimumVisualStudioVersion = 10.0.40219.1
Project("{FAE04EC0-301F-11D3-BF4B-00C04F79EFBC}") = "02_TypesChallenges", "02_TypesChallenges\02_TypesChallenges.csproj", "{2283373A-FBAC-460B-AA81-D4F027FF56E0}"
EndProject
Project("{FAE04EC0-301F-11D3-BF4B-00C04F79EFBC}") = "02_types", "02_types\02_types.csproj", "{753182AE-2A27-48CE-8FF4-FAB079C710F1}"
EndProject
Project("{FAE04EC0-301F-11D3-BF4B-00C04F79EFBC}") = "01_Variables", "01_Variables\01_Variables.csproj", "{A686C4D9-D99D-4C1C-814F-D87957D17D45}"
EndProject
Project("{FAE04EC0-301F-11D3-BF4B-00C04F79EFBC}") = "03_Operators", "03_Operators\03_Operators.csproj", "{325A5CB1-F0EA-4782-8B10-9628DA553ACA}"
EndProject
Project("{FAE04EC0-301F-11D3-BF4B-00C04F79EFBC}") = "04_Strings", "04_Strings\04_Strings.csproj", "{24B3DDFA-0E59-407C-ADCF-C101E569F458}"
EndProject
Project("{FAE04EC0-301F-11D3-BF4B-00C04F79EFBC}") = "05_Booleans", "05_Booleans\05_Booleans.csproj", "{19EF6D74-6041-4B40-939F-C40AA76BE9E8}"
EndProject
Project("{FAE04EC0-301F-11D3-BF4B-00C04F79EFBC}") = "06_conditionals", "06_conditionals\06_conditionals.csproj", "{E8DDF9AD-3BAC-4087-895D-0A3A353F4483}"
EndProject
Project("{FAE04EC0-301F-11D3-BF4B-00C04F79EFBC}") = "06_Conditionals_ElseStatements", "06_Conditionals_ElseStatements\06_Conditionals_ElseStatements.csproj", "{9C6E9C3A-75B6-4F91-9EC0-969DAE521B07}"
EndProject
Project("{FAE04EC0-301F-11D3-BF4B-00C04F79EFBC}") = "06_Tenaries", "06_Tenaries\06_Tenaries.csproj", "{ACB6F986-B4E8-4A14-AA9A-A624FF944011}"
EndProject
Project("{FAE04EC0-301F-11D3-BF4B-00C04F79EFBC}") = "06_Switches", "06_Switches\06_Switches.csproj", "{ABFA796A-D94E-45B4-9FDD-87E389F07637}"
EndProject
Project("{FAE04EC0-301F-11D3-BF4B-00C04F79EFBC}") = "06_SwitchExpressions", "06_SwitchExpressions\06_SwitchExpressions.csproj", "{FD24A56D-24DB-4615-8CBB-6B1B244BD96C}"
EndProject
Project("{FAE04EC0-301F-11D3-BF4B-00C04F79EFBC}") = "07A_Collections", "07A_Collections\07A_Collections.csproj", "{E9942DD9-53CD-4396-B8AE-81CB5A4F7940}"
EndProject
Global
	GlobalSection(SolutionConfigurationPlatforms) = preSolution
		Debug|Any CPU = Debug|Any CPU
		Release|Any CPU = Release|Any CPU
	EndGlobalSection
	GlobalSection(SolutionProperties) = preSolution
		HideSolutionNode = FALSE
	EndGlobalSection
	GlobalSection(ProjectConfigurationPlatforms) = postSolution
		{2283373A-FBAC-460B-AA81-D4F027FF56E0}.Debug|Any CPU.ActiveCfg = Debug|Any CPU
		{2283373A-FBAC-460B-AA81-D4F027FF56E0}.Debug|Any CPU.Build.0 = Debug|Any CPU
		{2283373A-FBAC-460B-AA81-D4F027FF56E0}.Release|Any CPU.ActiveCfg = Release|Any CPU
		{2283373A-FBAC-460B-AA81-D4F027FF56E0}.Release|Any CPU.Build.0 = Release|Any CPU
		{753182AE-2A27-48CE-8FF4-FAB079C710F1}.Debug|Any CPU.ActiveCfg = Debug|Any CPU
		{753182AE-2A27-48CE-8FF4-FAB079C710F1}.Debug|Any CPU.Build.0 = Debug|Any CPU
		{753182AE-2A27-48CE-8FF4-FAB079C710F1}.Release|Any CPU.ActiveCfg = Release|Any CPU
		{753182AE-2A27-48CE-8FF4-FAB079C710F1}.Release|Any CPU.Build.0 = Release|Any CPU
		{A686C4D9-D99D-4C1C-814F-D87957D17D45}.Debug|Any CPU.ActiveCfg = Debug|Any CPU
		{A686C4D9-D99D-4C1C-814F-D87957D17D45}.Debug|Any CPU.Build.0 = Debug|Any CPU
		{A686C4D9-D99D-4C1C-814F-D87957D17D45}.Release|Any CPU.ActiveCfg = Release|Any CPU
		{A686C4D9-D99D-4C1C-814F-D87957D17D45}.Release|Any CPU.Build.0 = Release|Any CPU
		{325A5CB1-F0EA-4782-8B10-9628DA553ACA}.Debug|Any CPU.ActiveCfg = Debug|Any CPU
		{325A5CB1-F0EA-4782-8B10-9628DA553ACA}.Debug|Any CPU.Build.0 = Debug|Any CPU
		{325A5CB1-F0EA-4782-8B10-9628DA553ACA}.Release|Any CPU.ActiveCfg = Release|Any CPU
		{325A5CB1-F0EA-4782-8B10-9628DA553ACA}.Release|Any CPU.Build.0 = Release|Any CPU
		{24B3DDFA-0E59-407C-ADCF-C101E569F458}.Debug|Any CPU.ActiveCfg = Debug|Any CPU
		{24B3DDFA-0E59-407C-ADCF-C101E569F458}.Debug|Any CPU.Build.0 = Debug|Any CPU
		{24B3DDFA-0E59-407C-ADCF-C101E569F458}.Release|Any CPU.ActiveCfg = Release|Any CPU
		{24B3DDFA-0E59-407C-ADCF-C101E569F458}.Release|Any CPU.Build.0 = Release|Any CPU
		{19EF6D74-6041-4B40-939F-C40AA76BE9E8}.Debug|Any CPU.ActiveCfg = Debug|Any CPU
		{19EF6D74-6041-4B40-939F-C40AA76BE9E8}.Debug|Any CPU.Build.0 = Debug|Any CPU
		{19EF6D74-6041-4B40-939F-C40AA76BE9E8}.Release|Any CPU.ActiveCfg = Release|Any CPU
		{19EF6D74-6041-4B40-939F-C40AA76BE9E8}.Release|Any CPU.Build.0 = Release|Any CPU
		{E8DDF9AD-3BAC-4087-895D-0A3A353F4483}.Debug|Any CPU.ActiveCfg = Debug|Any CPU
		{E8DDF9AD-3BAC-4087-895D-0A3A353F4483}.Debug|Any CPU.Build.0 = Debug|Any CPU
		{E8DDF9AD-3BAC-4087-895D-0A3A353F4483}.Release|Any CPU.ActiveCfg = Release|Any CPU
		{E8DDF9AD-3BAC-4087-895D-0A3A353F4483}.Release|Any CPU.Build.0 = Release|Any CPU
		{9C6E9C3A-75B6-4F91-9EC0-969DAE521B07}.Debug|Any CPU.ActiveCfg = Debug|Any CPU
		{9C6E9C3A-75B6-4F91-9EC0-969DAE521B07}.Debug|Any CPU.Build.0 = Debug|Any CPU
		{9C6E9C3A-75B6-4F91-9EC0-969DAE521B07}.Release|Any CPU.ActiveCfg = Release|Any CPU
		{9C6E9C3A-75B6-4F91-9EC0-969DAE521B07}.Release|Any CPU.Build.0 = Release|Any CPU
		{ACB6F986-B4E8-4A14-AA9A-A624FF944011}.Debug|Any CPU.ActiveCfg = Debug|Any CPU
		{ACB6F986-B4E8-4A14-AA9A-A624FF944011}.Debug|Any CPU.Build.0 = Debug|Any CPU
		{ACB6F986-B4E8-4A14-AA9A-A624FF944011}.Release|Any CPU.ActiveCfg = Release|Any CPU
		{ACB6F986-B4E8-4A14-AA9A-A624FF944011}.Release|Any CPU.Build.0 = Release|Any CPU
		{ABFA796A-D94E-45B4-9FDD-87E389F07637}.Debug|Any CPU.ActiveCfg = Debug|Any CPU
		{ABFA796A-D94E-45B4-9FDD-87E389F07637}.Debug|Any CPU.Build.0 = Debug|Any CPU
		{ABFA796A-D94E-45B4-9FDD-87E389F07637}.Release|Any CPU.ActiveCfg = Release|Any CPU
		{ABFA796A-D94E-45B4-9FDD-87E389F07637}.Release|Any CPU.Build.0 = Release|Any CPU
		{FD24A56D-24DB-4615-8CBB-6B1B244BD96C}.Debug|Any CPU.ActiveCfg = Debug|Any CPU
		{FD24A56D-24DB-4615-8CBB-6B1B244BD96C}.Debug|Any CPU.Build.0 = Debug|Any CPU
		{FD24A56D-24DB-4615-8CBB-6B1B244BD96C}.Release|Any CPU.ActiveCfg = Release|Any CPU
		{FD24A56D-24DB-4615-8CBB-6B1B244BD96C}.Release|Any CPU.Build.0 = Release|Any CPU
		{E9942DD9-53CD-4396-B8AE-81CB5A4F7940}.Debug|Any CPU.ActiveCfg = Debug|Any CPU
		{E9942DD9-53CD-4396-B8AE-81CB5A4F7940}.Debug|Any CPU.Build.0 = Debug|Any CPU
		{E9942DD9-53CD-4396-B8AE-81CB5A4F7940}.Release|Any CPU.ActiveCfg = Release|Any CPU
		{E9942DD9-53CD-4396-B8AE-81CB5A4F7940}.Release|Any CPU.Build.0 = Release|Any CPU
	EndGlobalSection
EndGlobal
